
Microsoft Visual Studio Solution File, Format Version 12.00
# Visual Studio Version 17
VisualStudioVersion = 17.0.32014.148
MinimumVisualStudioVersion = 10.0.40219.1
Project("{FAE04EC0-301F-11D3-BF4B-00C04F79EFBC}") = "D2dQuickResize", "D2dQuickResize\D2dQuickResize.csproj", "{5C4E7D37-C41E-4EEE-A683-15E5D743E6D0}"
EndProject
Global
	GlobalSection(SolutionConfigurationPlatforms) = preSolution
		Debug|Any CPU = Debug|Any CPU
		Release|Any CPU = Release|Any CPU
	EndGlobalSection
	GlobalSection(ProjectConfigurationPlatforms) = postSolution
		{5C4E7D37-C41E-4EEE-A683-15E5D743E6D0}.Debug|Any CPU.ActiveCfg = Debug|Any CPU
		{5C4E7D37-C41E-4EEE-A683-15E5D743E6D0}.Debug|Any CPU.Build.0 = Debug|Any CPU
		{5C4E7D37-C41E-4EEE-A683-15E5D743E6D0}.Release|Any CPU.ActiveCfg = Release|Any CPU
		{5C4E7D37-C41E-4EEE-A683-15E5D743E6D0}.Release|Any CPU.Build.0 = Release|Any CPU
	EndGlobalSection
	GlobalSection(SolutionProperties) = preSolution
		HideSolutionNode = FALSE
	EndGlobalSection
	GlobalSection(ExtensibilityGlobals) = postSolution
		SolutionGuid = {1051E727-A639-4E59-A6E7-0DBF55BC2F3C}
	EndGlobalSection
EndGlobal
